
Microsoft Visual Studio Solution File, Format Version 12.00
# Visual Studio Version 17
VisualStudioVersion = 17.2.32630.192
MinimumVisualStudioVersion = 10.0.40219.1
Project("{9A19103F-16F7-4668-BE54-9A1E7A4F7556}") = "ricaun.NUnit", "ricaun.NUnit\ricaun.NUnit.csproj", "{EBDE7FEE-0D1E-4034-9B44-4C5F4E24F52A}"
EndProject
Project("{9A19103F-16F7-4668-BE54-9A1E7A4F7556}") = "Build", "Build\Build.csproj", "{851351FC-9467-44D5-BE86-E59FFC3F07A9}"
EndProject
Project("{2150E333-8FDC-42A3-9474-1A3956D46DE8}") = "Solution", "Solution", "{09BFC454-8566-456C-83F0-80E77F05BA14}"
	ProjectSection(SolutionItems) = preProject
		CHANGELOG.md = CHANGELOG.md
		LICENSE = LICENSE
		README.md = README.md
	EndProjectSection
EndProject
Project("{9A19103F-16F7-4668-BE54-9A1E7A4F7556}") = "ricaun.NUnit.Tests", "ricaun.NUnit.Tests\ricaun.NUnit.Tests.csproj", "{56D14F0F-BE0D-4A56-8249-046A9162E740}"
EndProject
Project("{9A19103F-16F7-4668-BE54-9A1E7A4F7556}") = "SampleTest.Tests", "SampleTest.Tests\SampleTest.Tests.csproj", "{A3F8A436-6412-4092-9807-7DF6CF7E176F}"
EndProject
Project("{FAE04EC0-301F-11D3-BF4B-00C04F79EFBC}") = "SampleTest", "SampleTest\SampleTest.csproj", "{C9C3CE2D-3D95-49A4-9733-152D38646759}"
EndProject
Global
	GlobalSection(SolutionConfigurationPlatforms) = preSolution
		Debug|Any CPU = Debug|Any CPU
		Release|Any CPU = Release|Any CPU
	EndGlobalSection
	GlobalSection(ProjectConfigurationPlatforms) = postSolution
		{EBDE7FEE-0D1E-4034-9B44-4C5F4E24F52A}.Debug|Any CPU.ActiveCfg = Debug|Any CPU
		{EBDE7FEE-0D1E-4034-9B44-4C5F4E24F52A}.Debug|Any CPU.Build.0 = Debug|Any CPU
		{EBDE7FEE-0D1E-4034-9B44-4C5F4E24F52A}.Release|Any CPU.ActiveCfg = Release|Any CPU
		{EBDE7FEE-0D1E-4034-9B44-4C5F4E24F52A}.Release|Any CPU.Build.0 = Release|Any CPU
		{851351FC-9467-44D5-BE86-E59FFC3F07A9}.Debug|Any CPU.ActiveCfg = Debug|Any CPU
		{851351FC-9467-44D5-BE86-E59FFC3F07A9}.Debug|Any CPU.Build.0 = Debug|Any CPU
		{851351FC-9467-44D5-BE86-E59FFC3F07A9}.Release|Any CPU.ActiveCfg = Release|Any CPU
		{851351FC-9467-44D5-BE86-E59FFC3F07A9}.Release|Any CPU.Build.0 = Release|Any CPU
		{56D14F0F-BE0D-4A56-8249-046A9162E740}.Debug|Any CPU.ActiveCfg = Debug|Any CPU
		{56D14F0F-BE0D-4A56-8249-046A9162E740}.Debug|Any CPU.Build.0 = Debug|Any CPU
		{56D14F0F-BE0D-4A56-8249-046A9162E740}.Release|Any CPU.ActiveCfg = Release|Any CPU
		{56D14F0F-BE0D-4A56-8249-046A9162E740}.Release|Any CPU.Build.0 = Release|Any CPU
		{A3F8A436-6412-4092-9807-7DF6CF7E176F}.Debug|Any CPU.ActiveCfg = Debug|Any CPU
		{A3F8A436-6412-4092-9807-7DF6CF7E176F}.Debug|Any CPU.Build.0 = Debug|Any CPU
		{A3F8A436-6412-4092-9807-7DF6CF7E176F}.Release|Any CPU.ActiveCfg = Release|Any CPU
		{A3F8A436-6412-4092-9807-7DF6CF7E176F}.Release|Any CPU.Build.0 = Release|Any CPU
		{C9C3CE2D-3D95-49A4-9733-152D38646759}.Debug|Any CPU.ActiveCfg = Debug|Any CPU
		{C9C3CE2D-3D95-49A4-9733-152D38646759}.Debug|Any CPU.Build.0 = Debug|Any CPU
		{C9C3CE2D-3D95-49A4-9733-152D38646759}.Release|Any CPU.ActiveCfg = Release|Any CPU
		{C9C3CE2D-3D95-49A4-9733-152D38646759}.Release|Any CPU.Build.0 = Release|Any CPU
	EndGlobalSection
	GlobalSection(SolutionProperties) = preSolution
		HideSolutionNode = FALSE
	EndGlobalSection
	GlobalSection(ExtensibilityGlobals) = postSolution
		SolutionGuid = {A7B63455-B00E-4DDF-BE13-5E1B8A84615D}
	EndGlobalSection
EndGlobal
